<?xml version="1.0" encoding="utf-8"?>
<Project ToolsVersion="4.0" xmlns="http://schemas.microsoft.com/developer/msbuild/2003">
  <ItemGroup>
    <Filter Include="imgui">
      <UniqueIdentifier>{a86f98aa-c9f7-4d3e-8b11-94f6eead89d0}</UniqueIdentifier>
    </Filter>
    <Filter Include="imgui backend">
      <UniqueIdentifier>{1dff9bc0-c2ea-4b15-af6c-39aa5a92030b}</UniqueIdentifier>
    </Filter>
    <Filter Include="source">
      <UniqueIdentifier>{75a53a28-2125-4157-94ce-fde873928673}</UniqueIdentifier>
    </Filter>
    <Filter Include="one file libraries">
      <UniqueIdentifier>{680f600c-7a26-4ef7-9466-97aeb08d3c28}</UniqueIdentifier>
    </Filter>
  </ItemGroup>
  <ItemGroup>
    <ClInclude Include="..\imgui\imconfig.h">
      <Filter>imgui</Filter>
    </ClInclude>
    <ClInclude Include="..\imgui\imgui.h">
      <Filter>imgui</Filter>
    </ClInclude>
    <ClInclude Include="..\imgui\imgui_internal.h">
      <Filter>imgui</Filter>
    </ClInclude>
    <ClInclude Include="..\imgui\backends\imgui_impl_dx11.h">
      <Filter>imgui backend</Filter>
    </ClInclude>
    <ClInclude Include="..\imgui\backends\imgui_impl_win32.h">
      <Filter>imgui backend</Filter>
    </ClInclude>
    <ClInclude Include="..\STB\stb_image.h">
      <Filter>one file libraries</Filter>
    </ClInclude>
    <ClInclude Include="..\MyInc\yak_shiv_matrix.h">
      <Filter>one file libraries</Filter>
    </ClInclude>
    <ClInclude Include="..\MyInc\yak_shiv_misc.h">
      <Filter>one file libraries</Filter>
    </ClInclude>
  </ItemGroup>
  <ItemGroup>
    <ClCompile Include="..\imgui\imgui.cpp">
      <Filter>imgui</Filter>
    </ClCompile>
    <ClCompile Include="..\imgui\imgui_demo.cpp">
      <Filter>imgui</Filter>
    </ClCompile>
    <ClCompile Include="..\imgui\imgui_draw.cpp">
      <Filter>imgui</Filter>
    </ClCompile>
    <ClCompile Include="..\imgui\imgui_tables.cpp">
      <Filter>imgui</Filter>
    </ClCompile>
    <ClCompile Include="..\imgui\imgui_widgets.cpp">
      <Filter>imgui</Filter>
    </ClCompile>
    <ClCompile Include="..\imgui\backends\imgui_impl_dx11.cpp">
      <Filter>imgui backend</Filter>
    </ClCompile>
    <ClCompile Include="..\imgui\backends\imgui_impl_win32.cpp">
      <Filter>imgui backend</Filter>
    </ClCompile>
    <ClCompile Include="main.cpp">
      <Filter>source</Filter>
    </ClCompile>
  </ItemGroup>
</Project>